// !$*UTF8*$!
{
	archiveVersion = 1;
	classes = {
	};
	objectVersion = 46;
	objects = {

/* Begin PBXBuildFile section */
		2C2A18A418248C4600B4C1D1 /* SBAddBoardViewController.m in Sources */ = {isa = PBXBuildFile; fileRef = 2C2A18A318248C4600B4C1D1 /* SBAddBoardViewController.m */; };
		2C7528E0182093AB0058F930 /* Foundation.framework in Frameworks */ = {isa = PBXBuildFile; fileRef = 2C7528DF182093AB0058F930 /* Foundation.framework */; };
		2C7528E2182093AB0058F930 /* CoreGraphics.framework in Frameworks */ = {isa = PBXBuildFile; fileRef = 2C7528E1182093AB0058F930 /* CoreGraphics.framework */; };
		2C7528E4182093AB0058F930 /* UIKit.framework in Frameworks */ = {isa = PBXBuildFile; fileRef = 2C7528E3182093AB0058F930 /* UIKit.framework */; };
		2C7528EA182093AB0058F930 /* InfoPlist.strings in Resources */ = {isa = PBXBuildFile; fileRef = 2C7528E8182093AB0058F930 /* InfoPlist.strings */; };
		2C7528EC182093AB0058F930 /* main.m in Sources */ = {isa = PBXBuildFile; fileRef = 2C7528EB182093AB0058F930 /* main.m */; };
		2C7528F0182093AB0058F930 /* SBAppDelegate.m in Sources */ = {isa = PBXBuildFile; fileRef = 2C7528EF182093AB0058F930 /* SBAppDelegate.m */; };
		2C7528F2182093AB0058F930 /* Images.xcassets in Resources */ = {isa = PBXBuildFile; fileRef = 2C7528F1182093AB0058F930 /* Images.xcassets */; };
		2C7528F9182093AB0058F930 /* XCTest.framework in Frameworks */ = {isa = PBXBuildFile; fileRef = 2C7528F8182093AB0058F930 /* XCTest.framework */; };
		2C7528FA182093AB0058F930 /* Foundation.framework in Frameworks */ = {isa = PBXBuildFile; fileRef = 2C7528DF182093AB0058F930 /* Foundation.framework */; };
		2C7528FB182093AB0058F930 /* UIKit.framework in Frameworks */ = {isa = PBXBuildFile; fileRef = 2C7528E3182093AB0058F930 /* UIKit.framework */; };
		2C752903182093AB0058F930 /* InfoPlist.strings in Resources */ = {isa = PBXBuildFile; fileRef = 2C752901182093AB0058F930 /* InfoPlist.strings */; };
		2C752905182093AB0058F930 /* SurfboardsTests.m in Sources */ = {isa = PBXBuildFile; fileRef = 2C752904182093AB0058F930 /* SurfboardsTests.m */; };
		2C752913182093E40058F930 /* SBMainViewController.m in Sources */ = {isa = PBXBuildFile; fileRef = 2C752912182093E40058F930 /* SBMainViewController.m */; };
		2C752914182093E40058F930 /* SBMainViewController.m in Sources */ = {isa = PBXBuildFile; fileRef = 2C752912182093E40058F930 /* SBMainViewController.m */; };
		2C752922182094C30058F930 /* KHBase.m in Sources */ = {isa = PBXBuildFile; fileRef = 2C752919182094C30058F930 /* KHBase.m */; };
		2C752923182094C30058F930 /* KHBase.m in Sources */ = {isa = PBXBuildFile; fileRef = 2C752919182094C30058F930 /* KHBase.m */; };
		2C752928182094C30058F930 /* KHVIew.m in Sources */ = {isa = PBXBuildFile; fileRef = 2C75291F182094C30058F930 /* KHVIew.m */; };
		2C752929182094C30058F930 /* KHVIew.m in Sources */ = {isa = PBXBuildFile; fileRef = 2C75291F182094C30058F930 /* KHVIew.m */; };
		2C75292A182094C30058F930 /* KHViewController.m in Sources */ = {isa = PBXBuildFile; fileRef = 2C752921182094C30058F930 /* KHViewController.m */; };
		2C75292B182094C30058F930 /* KHViewController.m in Sources */ = {isa = PBXBuildFile; fileRef = 2C752921182094C30058F930 /* KHViewController.m */; };
		2C752950182095600058F930 /* AFHTTPRequestOperation.m in Sources */ = {isa = PBXBuildFile; fileRef = 2C75292E182095600058F930 /* AFHTTPRequestOperation.m */; };
		2C752951182095600058F930 /* AFHTTPRequestOperation.m in Sources */ = {isa = PBXBuildFile; fileRef = 2C75292E182095600058F930 /* AFHTTPRequestOperation.m */; };
		2C752952182095600058F930 /* AFHTTPRequestOperationManager.m in Sources */ = {isa = PBXBuildFile; fileRef = 2C752930182095600058F930 /* AFHTTPRequestOperationManager.m */; };
		2C752953182095600058F930 /* AFHTTPRequestOperationManager.m in Sources */ = {isa = PBXBuildFile; fileRef = 2C752930182095600058F930 /* AFHTTPRequestOperationManager.m */; };
		2C752954182095600058F930 /* AFHTTPSessionManager.m in Sources */ = {isa = PBXBuildFile; fileRef = 2C752932182095600058F930 /* AFHTTPSessionManager.m */; };
		2C752955182095600058F930 /* AFHTTPSessionManager.m in Sources */ = {isa = PBXBuildFile; fileRef = 2C752932182095600058F930 /* AFHTTPSessionManager.m */; };
		2C752956182095600058F930 /* AFNetworkReachabilityManager.m in Sources */ = {isa = PBXBuildFile; fileRef = 2C752935182095600058F930 /* AFNetworkReachabilityManager.m */; };
		2C752957182095600058F930 /* AFNetworkReachabilityManager.m in Sources */ = {isa = PBXBuildFile; fileRef = 2C752935182095600058F930 /* AFNetworkReachabilityManager.m */; };
		2C752958182095600058F930 /* AFSecurityPolicy.m in Sources */ = {isa = PBXBuildFile; fileRef = 2C752937182095600058F930 /* AFSecurityPolicy.m */; };
		2C752959182095600058F930 /* AFSecurityPolicy.m in Sources */ = {isa = PBXBuildFile; fileRef = 2C752937182095600058F930 /* AFSecurityPolicy.m */; };
		2C75295A182095600058F930 /* AFURLConnectionOperation.m in Sources */ = {isa = PBXBuildFile; fileRef = 2C752939182095600058F930 /* AFURLConnectionOperation.m */; };
		2C75295B182095600058F930 /* AFURLConnectionOperation.m in Sources */ = {isa = PBXBuildFile; fileRef = 2C752939182095600058F930 /* AFURLConnectionOperation.m */; };
		2C75295C182095600058F930 /* AFURLRequestSerialization.m in Sources */ = {isa = PBXBuildFile; fileRef = 2C75293B182095600058F930 /* AFURLRequestSerialization.m */; };
		2C75295D182095600058F930 /* AFURLRequestSerialization.m in Sources */ = {isa = PBXBuildFile; fileRef = 2C75293B182095600058F930 /* AFURLRequestSerialization.m */; };
		2C75295E182095600058F930 /* AFURLResponseSerialization.m in Sources */ = {isa = PBXBuildFile; fileRef = 2C75293D182095600058F930 /* AFURLResponseSerialization.m */; };
		2C75295F182095600058F930 /* AFURLResponseSerialization.m in Sources */ = {isa = PBXBuildFile; fileRef = 2C75293D182095600058F930 /* AFURLResponseSerialization.m */; };
		2C752960182095600058F930 /* AFURLSessionManager.m in Sources */ = {isa = PBXBuildFile; fileRef = 2C75293F182095600058F930 /* AFURLSessionManager.m */; };
		2C752961182095600058F930 /* AFURLSessionManager.m in Sources */ = {isa = PBXBuildFile; fileRef = 2C75293F182095600058F930 /* AFURLSessionManager.m */; };
		2C752962182095600058F930 /* AFNetworkActivityIndicatorManager.m in Sources */ = {isa = PBXBuildFile; fileRef = 2C752942182095600058F930 /* AFNetworkActivityIndicatorManager.m */; };
		2C752963182095600058F930 /* AFNetworkActivityIndicatorManager.m in Sources */ = {isa = PBXBuildFile; fileRef = 2C752942182095600058F930 /* AFNetworkActivityIndicatorManager.m */; };
		2C752964182095600058F930 /* UIActivityIndicatorView+AFNetworking.m in Sources */ = {isa = PBXBuildFile; fileRef = 2C752944182095600058F930 /* UIActivityIndicatorView+AFNetworking.m */; };
		2C752965182095600058F930 /* UIActivityIndicatorView+AFNetworking.m in Sources */ = {isa = PBXBuildFile; fileRef = 2C752944182095600058F930 /* UIActivityIndicatorView+AFNetworking.m */; };
		2C752966182095600058F930 /* UIAlertView+AFNetworking.m in Sources */ = {isa = PBXBuildFile; fileRef = 2C752946182095600058F930 /* UIAlertView+AFNetworking.m */; };
		2C752967182095600058F930 /* UIAlertView+AFNetworking.m in Sources */ = {isa = PBXBuildFile; fileRef = 2C752946182095600058F930 /* UIAlertView+AFNetworking.m */; };
		2C752968182095600058F930 /* UIButton+AFNetworking.m in Sources */ = {isa = PBXBuildFile; fileRef = 2C752948182095600058F930 /* UIButton+AFNetworking.m */; };
		2C752969182095600058F930 /* UIButton+AFNetworking.m in Sources */ = {isa = PBXBuildFile; fileRef = 2C752948182095600058F930 /* UIButton+AFNetworking.m */; };
		2C75296A182095600058F930 /* UIImageView+AFNetworking.m in Sources */ = {isa = PBXBuildFile; fileRef = 2C75294A182095600058F930 /* UIImageView+AFNetworking.m */; };
		2C75296B182095600058F930 /* UIImageView+AFNetworking.m in Sources */ = {isa = PBXBuildFile; fileRef = 2C75294A182095600058F930 /* UIImageView+AFNetworking.m */; };
		2C75296C182095600058F930 /* UIProgressView+AFNetworking.m in Sources */ = {isa = PBXBuildFile; fileRef = 2C75294D182095600058F930 /* UIProgressView+AFNetworking.m */; };
		2C75296D182095600058F930 /* UIProgressView+AFNetworking.m in Sources */ = {isa = PBXBuildFile; fileRef = 2C75294D182095600058F930 /* UIProgressView+AFNetworking.m */; };
		2C75296E182095600058F930 /* UIWebView+AFNetworking.m in Sources */ = {isa = PBXBuildFile; fileRef = 2C75294F182095600058F930 /* UIWebView+AFNetworking.m */; };
		2C75296F182095600058F930 /* UIWebView+AFNetworking.m in Sources */ = {isa = PBXBuildFile; fileRef = 2C75294F182095600058F930 /* UIWebView+AFNetworking.m */; };
		2C752972182095820058F930 /* SBNetworkingManager.m in Sources */ = {isa = PBXBuildFile; fileRef = 2C752971182095820058F930 /* SBNetworkingManager.m */; };
		2C752973182095820058F930 /* SBNetworkingManager.m in Sources */ = {isa = PBXBuildFile; fileRef = 2C752971182095820058F930 /* SBNetworkingManager.m */; };
/* End PBXBuildFile section */

/* Begin PBXContainerItemProxy section */
		2C7528FC182093AB0058F930 /* PBXContainerItemProxy */ = {
			isa = PBXContainerItemProxy;
			containerPortal = 2C7528D4182093AB0058F930 /* Project object */;
			proxyType = 1;
			remoteGlobalIDString = 2C7528DB182093AB0058F930;
			remoteInfo = Surfboards;
		};
/* End PBXContainerItemProxy section */

/* Begin PBXFileReference section */
		2C2A18A218248C4600B4C1D1 /* SBAddBoardViewController.h */ = {isa = PBXFileReference; fileEncoding = 4; lastKnownFileType = sourcecode.c.h; path = SBAddBoardViewController.h; sourceTree = "<group>"; };
		2C2A18A318248C4600B4C1D1 /* SBAddBoardViewController.m */ = {isa = PBXFileReference; fileEncoding = 4; lastKnownFileType = sourcecode.c.objc; path = SBAddBoardViewController.m; sourceTree = "<group>"; };
		2C6850A51820B439002F0C2B /* SBConstants.h */ = {isa = PBXFileReference; fileEncoding = 4; lastKnownFileType = sourcecode.c.h; path = SBConstants.h; sourceTree = "<group>"; };
		2C7528DC182093AB0058F930 /* Surfboards.app */ = {isa = PBXFileReference; explicitFileType = wrapper.application; includeInIndex = 0; path = Surfboards.app; sourceTree = BUILT_PRODUCTS_DIR; };
		2C7528DF182093AB0058F930 /* Foundation.framework */ = {isa = PBXFileReference; lastKnownFileType = wrapper.framework; name = Foundation.framework; path = System/Library/Frameworks/Foundation.framework; sourceTree = SDKROOT; };
		2C7528E1182093AB0058F930 /* CoreGraphics.framework */ = {isa = PBXFileReference; lastKnownFileType = wrapper.framework; name = CoreGraphics.framework; path = System/Library/Frameworks/CoreGraphics.framework; sourceTree = SDKROOT; };
		2C7528E3182093AB0058F930 /* UIKit.framework */ = {isa = PBXFileReference; lastKnownFileType = wrapper.framework; name = UIKit.framework; path = System/Library/Frameworks/UIKit.framework; sourceTree = SDKROOT; };
		2C7528E7182093AB0058F930 /* Surfboards-Info.plist */ = {isa = PBXFileReference; lastKnownFileType = text.plist.xml; path = "Surfboards-Info.plist"; sourceTree = "<group>"; };
		2C7528E9182093AB0058F930 /* en */ = {isa = PBXFileReference; lastKnownFileType = text.plist.strings; name = en; path = en.lproj/InfoPlist.strings; sourceTree = "<group>"; };
		2C7528EB182093AB0058F930 /* main.m */ = {isa = PBXFileReference; lastKnownFileType = sourcecode.c.objc; path = main.m; sourceTree = "<group>"; };
		2C7528ED182093AB0058F930 /* Surfboards-Prefix.pch */ = {isa = PBXFileReference; lastKnownFileType = sourcecode.c.h; path = "Surfboards-Prefix.pch"; sourceTree = "<group>"; };
		2C7528EE182093AB0058F930 /* SBAppDelegate.h */ = {isa = PBXFileReference; lastKnownFileType = sourcecode.c.h; path = SBAppDelegate.h; sourceTree = "<group>"; };
		2C7528EF182093AB0058F930 /* SBAppDelegate.m */ = {isa = PBXFileReference; lastKnownFileType = sourcecode.c.objc; path = SBAppDelegate.m; sourceTree = "<group>"; };
		2C7528F1182093AB0058F930 /* Images.xcassets */ = {isa = PBXFileReference; lastKnownFileType = folder.assetcatalog; path = Images.xcassets; sourceTree = "<group>"; };
		2C7528F7182093AB0058F930 /* SurfboardsTests.xctest */ = {isa = PBXFileReference; explicitFileType = wrapper.cfbundle; includeInIndex = 0; path = SurfboardsTests.xctest; sourceTree = BUILT_PRODUCTS_DIR; };
		2C7528F8182093AB0058F930 /* XCTest.framework */ = {isa = PBXFileReference; lastKnownFileType = wrapper.framework; name = XCTest.framework; path = Library/Frameworks/XCTest.framework; sourceTree = DEVELOPER_DIR; };
		2C752900182093AB0058F930 /* SurfboardsTests-Info.plist */ = {isa = PBXFileReference; lastKnownFileType = text.plist.xml; path = "SurfboardsTests-Info.plist"; sourceTree = "<group>"; };
		2C752902182093AB0058F930 /* en */ = {isa = PBXFileReference; lastKnownFileType = text.plist.strings; name = en; path = en.lproj/InfoPlist.strings; sourceTree = "<group>"; };
		2C752904182093AB0058F930 /* SurfboardsTests.m */ = {isa = PBXFileReference; lastKnownFileType = sourcecode.c.objc; path = SurfboardsTests.m; sourceTree = "<group>"; };
		2C752911182093E40058F930 /* SBMainViewController.h */ = {isa = PBXFileReference; fileEncoding = 4; lastKnownFileType = sourcecode.c.h; path = SBMainViewController.h; sourceTree = "<group>"; };
		2C752912182093E40058F930 /* SBMainViewController.m */ = {isa = PBXFileReference; fileEncoding = 4; lastKnownFileType = sourcecode.c.objc; path = SBMainViewController.m; sourceTree = "<group>"; };
		2C752918182094C30058F930 /* KHBase.h */ = {isa = PBXFileReference; fileEncoding = 4; lastKnownFileType = sourcecode.c.h; path = KHBase.h; sourceTree = "<group>"; };
		2C752919182094C30058F930 /* KHBase.m */ = {isa = PBXFileReference; fileEncoding = 4; lastKnownFileType = sourcecode.c.objc; path = KHBase.m; sourceTree = "<group>"; };
		2C75291E182094C30058F930 /* KHView.h */ = {isa = PBXFileReference; fileEncoding = 4; lastKnownFileType = sourcecode.c.h; path = KHView.h; sourceTree = "<group>"; };
		2C75291F182094C30058F930 /* KHVIew.m */ = {isa = PBXFileReference; fileEncoding = 4; lastKnownFileType = sourcecode.c.objc; path = KHVIew.m; sourceTree = "<group>"; };
		2C752920182094C30058F930 /* KHViewController.h */ = {isa = PBXFileReference; fileEncoding = 4; lastKnownFileType = sourcecode.c.h; path = KHViewController.h; sourceTree = "<group>"; };
		2C752921182094C30058F930 /* KHViewController.m */ = {isa = PBXFileReference; fileEncoding = 4; lastKnownFileType = sourcecode.c.objc; path = KHViewController.m; sourceTree = "<group>"; };
		2C75292D182095600058F930 /* AFHTTPRequestOperation.h */ = {isa = PBXFileReference; fileEncoding = 4; lastKnownFileType = sourcecode.c.h; path = AFHTTPRequestOperation.h; sourceTree = "<group>"; };
		2C75292E182095600058F930 /* AFHTTPRequestOperation.m */ = {isa = PBXFileReference; fileEncoding = 4; lastKnownFileType = sourcecode.c.objc; path = AFHTTPRequestOperation.m; sourceTree = "<group>"; };
		2C75292F182095600058F930 /* AFHTTPRequestOperationManager.h */ = {isa = PBXFileReference; fileEncoding = 4; lastKnownFileType = sourcecode.c.h; path = AFHTTPRequestOperationManager.h; sourceTree = "<group>"; };
		2C752930182095600058F930 /* AFHTTPRequestOperationManager.m */ = {isa = PBXFileReference; fileEncoding = 4; lastKnownFileType = sourcecode.c.objc; path = AFHTTPRequestOperationManager.m; sourceTree = "<group>"; };
		2C752931182095600058F930 /* AFHTTPSessionManager.h */ = {isa = PBXFileReference; fileEncoding = 4; lastKnownFileType = sourcecode.c.h; path = AFHTTPSessionManager.h; sourceTree = "<group>"; };
		2C752932182095600058F930 /* AFHTTPSessionManager.m */ = {isa = PBXFileReference; fileEncoding = 4; lastKnownFileType = sourcecode.c.objc; path = AFHTTPSessionManager.m; sourceTree = "<group>"; };
		2C752933182095600058F930 /* AFNetworking.h */ = {isa = PBXFileReference; fileEncoding = 4; lastKnownFileType = sourcecode.c.h; path = AFNetworking.h; sourceTree = "<group>"; };
		2C752934182095600058F930 /* AFNetworkReachabilityManager.h */ = {isa = PBXFileReference; fileEncoding = 4; lastKnownFileType = sourcecode.c.h; path = AFNetworkReachabilityManager.h; sourceTree = "<group>"; };
		2C752935182095600058F930 /* AFNetworkReachabilityManager.m */ = {isa = PBXFileReference; fileEncoding = 4; lastKnownFileType = sourcecode.c.objc; path = AFNetworkReachabilityManager.m; sourceTree = "<group>"; };
		2C752936182095600058F930 /* AFSecurityPolicy.h */ = {isa = PBXFileReference; fileEncoding = 4; lastKnownFileType = sourcecode.c.h; path = AFSecurityPolicy.h; sourceTree = "<group>"; };
		2C752937182095600058F930 /* AFSecurityPolicy.m */ = {isa = PBXFileReference; fileEncoding = 4; lastKnownFileType = sourcecode.c.objc; path = AFSecurityPolicy.m; sourceTree = "<group>"; };
		2C752938182095600058F930 /* AFURLConnectionOperation.h */ = {isa = PBXFileReference; fileEncoding = 4; lastKnownFileType = sourcecode.c.h; path = AFURLConnectionOperation.h; sourceTree = "<group>"; };
		2C752939182095600058F930 /* AFURLConnectionOperation.m */ = {isa = PBXFileReference; fileEncoding = 4; lastKnownFileType = sourcecode.c.objc; path = AFURLConnectionOperation.m; sourceTree = "<group>"; };
		2C75293A182095600058F930 /* AFURLRequestSerialization.h */ = {isa = PBXFileReference; fileEncoding = 4; lastKnownFileType = sourcecode.c.h; path = AFURLRequestSerialization.h; sourceTree = "<group>"; };
		2C75293B182095600058F930 /* AFURLRequestSerialization.m */ = {isa = PBXFileReference; fileEncoding = 4; lastKnownFileType = sourcecode.c.objc; path = AFURLRequestSerialization.m; sourceTree = "<group>"; };
		2C75293C182095600058F930 /* AFURLResponseSerialization.h */ = {isa = PBXFileReference; fileEncoding = 4; lastKnownFileType = sourcecode.c.h; path = AFURLResponseSerialization.h; sourceTree = "<group>"; };
		2C75293D182095600058F930 /* AFURLResponseSerialization.m */ = {isa = PBXFileReference; fileEncoding = 4; lastKnownFileType = sourcecode.c.objc; path = AFURLResponseSerialization.m; sourceTree = "<group>"; };
		2C75293E182095600058F930 /* AFURLSessionManager.h */ = {isa = PBXFileReference; fileEncoding = 4; lastKnownFileType = sourcecode.c.h; path = AFURLSessionManager.h; sourceTree = "<group>"; };
		2C75293F182095600058F930 /* AFURLSessionManager.m */ = {isa = PBXFileReference; fileEncoding = 4; lastKnownFileType = sourcecode.c.objc; path = AFURLSessionManager.m; sourceTree = "<group>"; };
		2C752941182095600058F930 /* AFNetworkActivityIndicatorManager.h */ = {isa = PBXFileReference; fileEncoding = 4; lastKnownFileType = sourcecode.c.h; path = AFNetworkActivityIndicatorManager.h; sourceTree = "<group>"; };
		2C752942182095600058F930 /* AFNetworkActivityIndicatorManager.m */ = {isa = PBXFileReference; fileEncoding = 4; lastKnownFileType = sourcecode.c.objc; path = AFNetworkActivityIndicatorManager.m; sourceTree = "<group>"; };
		2C752943182095600058F930 /* UIActivityIndicatorView+AFNetworking.h */ = {isa = PBXFileReference; fileEncoding = 4; lastKnownFileType = sourcecode.c.h; path = "UIActivityIndicatorView+AFNetworking.h"; sourceTree = "<group>"; };
		2C752944182095600058F930 /* UIActivityIndicatorView+AFNetworking.m */ = {isa = PBXFileReference; fileEncoding = 4; lastKnownFileType = sourcecode.c.objc; path = "UIActivityIndicatorView+AFNetworking.m"; sourceTree = "<group>"; };
		2C752945182095600058F930 /* UIAlertView+AFNetworking.h */ = {isa = PBXFileReference; fileEncoding = 4; lastKnownFileType = sourcecode.c.h; path = "UIAlertView+AFNetworking.h"; sourceTree = "<group>"; };
		2C752946182095600058F930 /* UIAlertView+AFNetworking.m */ = {isa = PBXFileReference; fileEncoding = 4; lastKnownFileType = sourcecode.c.objc; path = "UIAlertView+AFNetworking.m"; sourceTree = "<group>"; };
		2C752947182095600058F930 /* UIButton+AFNetworking.h */ = {isa = PBXFileReference; fileEncoding = 4; lastKnownFileType = sourcecode.c.h; path = "UIButton+AFNetworking.h"; sourceTree = "<group>"; };
		2C752948182095600058F930 /* UIButton+AFNetworking.m */ = {isa = PBXFileReference; fileEncoding = 4; lastKnownFileType = sourcecode.c.objc; path = "UIButton+AFNetworking.m"; sourceTree = "<group>"; };
		2C752949182095600058F930 /* UIImageView+AFNetworking.h */ = {isa = PBXFileReference; fileEncoding = 4; lastKnownFileType = sourcecode.c.h; path = "UIImageView+AFNetworking.h"; sourceTree = "<group>"; };
		2C75294A182095600058F930 /* UIImageView+AFNetworking.m */ = {isa = PBXFileReference; fileEncoding = 4; lastKnownFileType = sourcecode.c.objc; path = "UIImageView+AFNetworking.m"; sourceTree = "<group>"; };
		2C75294B182095600058F930 /* UIKit+AFNetworking.h */ = {isa = PBXFileReference; fileEncoding = 4; lastKnownFileType = sourcecode.c.h; path = "UIKit+AFNetworking.h"; sourceTree = "<group>"; };
		2C75294C182095600058F930 /* UIProgressView+AFNetworking.h */ = {isa = PBXFileReference; fileEncoding = 4; lastKnownFileType = sourcecode.c.h; path = "UIProgressView+AFNetworking.h"; sourceTree = "<group>"; };
		2C75294D182095600058F930 /* UIProgressView+AFNetworking.m */ = {isa = PBXFileReference; fileEncoding = 4; lastKnownFileType = sourcecode.c.objc; path = "UIProgressView+AFNetworking.m"; sourceTree = "<group>"; };
		2C75294E182095600058F930 /* UIWebView+AFNetworking.h */ = {isa = PBXFileReference; fileEncoding = 4; lastKnownFileType = sourcecode.c.h; path = "UIWebView+AFNetworking.h"; sourceTree = "<group>"; };
		2C75294F182095600058F930 /* UIWebView+AFNetworking.m */ = {isa = PBXFileReference; fileEncoding = 4; lastKnownFileType = sourcecode.c.objc; path = "UIWebView+AFNetworking.m"; sourceTree = "<group>"; };
		2C752970182095820058F930 /* SBNetworkingManager.h */ = {isa = PBXFileReference; fileEncoding = 4; lastKnownFileType = sourcecode.c.h; path = SBNetworkingManager.h; sourceTree = "<group>"; };
		2C752971182095820058F930 /* SBNetworkingManager.m */ = {isa = PBXFileReference; fileEncoding = 4; lastKnownFileType = sourcecode.c.objc; path = SBNetworkingManager.m; sourceTree = "<group>"; };
/* End PBXFileReference section */

/* Begin PBXFrameworksBuildPhase section */
		2C7528D9182093AB0058F930 /* Frameworks */ = {
			isa = PBXFrameworksBuildPhase;
			buildActionMask = 2147483647;
			files = (
				2C7528E2182093AB0058F930 /* CoreGraphics.framework in Frameworks */,
				2C7528E4182093AB0058F930 /* UIKit.framework in Frameworks */,
				2C7528E0182093AB0058F930 /* Foundation.framework in Frameworks */,
			);
			runOnlyForDeploymentPostprocessing = 0;
		};
		2C7528F4182093AB0058F930 /* Frameworks */ = {
			isa = PBXFrameworksBuildPhase;
			buildActionMask = 2147483647;
			files = (
				2C7528F9182093AB0058F930 /* XCTest.framework in Frameworks */,
				2C7528FB182093AB0058F930 /* UIKit.framework in Frameworks */,
				2C7528FA182093AB0058F930 /* Foundation.framework in Frameworks */,
			);
			runOnlyForDeploymentPostprocessing = 0;
		};
/* End PBXFrameworksBuildPhase section */

/* Begin PBXGroup section */
		2C7528D3182093AB0058F930 = {
			isa = PBXGroup;
			children = (
				2C7528E5182093AB0058F930 /* Surfboards */,
				2C75290E182093D70058F930 /* Categories */,
				2C75290F182093D70058F930 /* Source */,
				2C752910182093D70058F930 /* Vendor */,
				2C7528FE182093AB0058F930 /* SurfboardsTests */,
				2C7528DE182093AB0058F930 /* Frameworks */,
				2C7528DD182093AB0058F930 /* Products */,
			);
			sourceTree = "<group>";
		};
		2C7528DD182093AB0058F930 /* Products */ = {
			isa = PBXGroup;
			children = (
				2C7528DC182093AB0058F930 /* Surfboards.app */,
				2C7528F7182093AB0058F930 /* SurfboardsTests.xctest */,
			);
			name = Products;
			sourceTree = "<group>";
		};
		2C7528DE182093AB0058F930 /* Frameworks */ = {
			isa = PBXGroup;
			children = (
				2C7528DF182093AB0058F930 /* Foundation.framework */,
				2C7528E1182093AB0058F930 /* CoreGraphics.framework */,
				2C7528E3182093AB0058F930 /* UIKit.framework */,
				2C7528F8182093AB0058F930 /* XCTest.framework */,
			);
			name = Frameworks;
			sourceTree = "<group>";
		};
		2C7528E5182093AB0058F930 /* Surfboards */ = {
			isa = PBXGroup;
			children = (
				2C7528EE182093AB0058F930 /* SBAppDelegate.h */,
				2C7528EF182093AB0058F930 /* SBAppDelegate.m */,
				2C7528F1182093AB0058F930 /* Images.xcassets */,
				2C7528E6182093AB0058F930 /* Supporting Files */,
			);
			path = Surfboards;
			sourceTree = "<group>";
		};
		2C7528E6182093AB0058F930 /* Supporting Files */ = {
			isa = PBXGroup;
			children = (
				2C7528E7182093AB0058F930 /* Surfboards-Info.plist */,
				2C7528E8182093AB0058F930 /* InfoPlist.strings */,
				2C7528EB182093AB0058F930 /* main.m */,
				2C7528ED182093AB0058F930 /* Surfboards-Prefix.pch */,
			);
			name = "Supporting Files";
			sourceTree = "<group>";
		};
		2C7528FE182093AB0058F930 /* SurfboardsTests */ = {
			isa = PBXGroup;
			children = (
				2C752904182093AB0058F930 /* SurfboardsTests.m */,
				2C7528FF182093AB0058F930 /* Supporting Files */,
			);
			path = SurfboardsTests;
			sourceTree = "<group>";
		};
		2C7528FF182093AB0058F930 /* Supporting Files */ = {
			isa = PBXGroup;
			children = (
				2C752900182093AB0058F930 /* SurfboardsTests-Info.plist */,
				2C752901182093AB0058F930 /* InfoPlist.strings */,
			);
			name = "Supporting Files";
			sourceTree = "<group>";
		};
		2C75290E182093D70058F930 /* Categories */ = {
			isa = PBXGroup;
			children = (
			);
			name = Categories;
			path = Surfboards/Categories;
			sourceTree = "<group>";
		};
		2C75290F182093D70058F930 /* Source */ = {
			isa = PBXGroup;
			children = (
				2C6850A51820B439002F0C2B /* SBConstants.h */,
				2C752917182094C30058F930 /* KHTools */,
				2C752915182093ED0058F930 /* Networking */,
				2C752911182093E40058F930 /* SBMainViewController.h */,
				2C752912182093E40058F930 /* SBMainViewController.m */,
				2C2A18A218248C4600B4C1D1 /* SBAddBoardViewController.h */,
				2C2A18A318248C4600B4C1D1 /* SBAddBoardViewController.m */,
			);
			name = Source;
			path = Surfboards/Source;
			sourceTree = "<group>";
		};
		2C752910182093D70058F930 /* Vendor */ = {
			isa = PBXGroup;
			children = (
				2C75292C182095600058F930 /* AFNetworking */,
				2C752940182095600058F930 /* UIKit+AFNetworking */,
			);
			name = Vendor;
			path = Surfboards/Vendor;
			sourceTree = "<group>";
		};
		2C752915182093ED0058F930 /* Networking */ = {
			isa = PBXGroup;
			children = (
				2C752970182095820058F930 /* SBNetworkingManager.h */,
				2C752971182095820058F930 /* SBNetworkingManager.m */,
			);
			name = Networking;
			sourceTree = "<group>";
		};
		2C752917182094C30058F930 /* KHTools */ = {
			isa = PBXGroup;
			children = (
				2C752918182094C30058F930 /* KHBase.h */,
				2C752919182094C30058F930 /* KHBase.m */,
				2C75291E182094C30058F930 /* KHView.h */,
				2C75291F182094C30058F930 /* KHVIew.m */,
				2C752920182094C30058F930 /* KHViewController.h */,
				2C752921182094C30058F930 /* KHViewController.m */,
			);
			path = KHTools;
			sourceTree = "<group>";
		};
		2C75292C182095600058F930 /* AFNetworking */ = {
			isa = PBXGroup;
			children = (
				2C75292D182095600058F930 /* AFHTTPRequestOperation.h */,
				2C75292E182095600058F930 /* AFHTTPRequestOperation.m */,
				2C75292F182095600058F930 /* AFHTTPRequestOperationManager.h */,
				2C752930182095600058F930 /* AFHTTPRequestOperationManager.m */,
				2C752931182095600058F930 /* AFHTTPSessionManager.h */,
				2C752932182095600058F930 /* AFHTTPSessionManager.m */,
				2C752933182095600058F930 /* AFNetworking.h */,
				2C752934182095600058F930 /* AFNetworkReachabilityManager.h */,
				2C752935182095600058F930 /* AFNetworkReachabilityManager.m */,
				2C752936182095600058F930 /* AFSecurityPolicy.h */,
				2C752937182095600058F930 /* AFSecurityPolicy.m */,
				2C752938182095600058F930 /* AFURLConnectionOperation.h */,
				2C752939182095600058F930 /* AFURLConnectionOperation.m */,
				2C75293A182095600058F930 /* AFURLRequestSerialization.h */,
				2C75293B182095600058F930 /* AFURLRequestSerialization.m */,
				2C75293C182095600058F930 /* AFURLResponseSerialization.h */,
				2C75293D182095600058F930 /* AFURLResponseSerialization.m */,
				2C75293E182095600058F930 /* AFURLSessionManager.h */,
				2C75293F182095600058F930 /* AFURLSessionManager.m */,
			);
			path = AFNetworking;
			sourceTree = "<group>";
		};
		2C752940182095600058F930 /* UIKit+AFNetworking */ = {
			isa = PBXGroup;
			children = (
				2C752941182095600058F930 /* AFNetworkActivityIndicatorManager.h */,
				2C752942182095600058F930 /* AFNetworkActivityIndicatorManager.m */,
				2C752943182095600058F930 /* UIActivityIndicatorView+AFNetworking.h */,
				2C752944182095600058F930 /* UIActivityIndicatorView+AFNetworking.m */,
				2C752945182095600058F930 /* UIAlertView+AFNetworking.h */,
				2C752946182095600058F930 /* UIAlertView+AFNetworking.m */,
				2C752947182095600058F930 /* UIButton+AFNetworking.h */,
				2C752948182095600058F930 /* UIButton+AFNetworking.m */,
				2C752949182095600058F930 /* UIImageView+AFNetworking.h */,
				2C75294A182095600058F930 /* UIImageView+AFNetworking.m */,
				2C75294B182095600058F930 /* UIKit+AFNetworking.h */,
				2C75294C182095600058F930 /* UIProgressView+AFNetworking.h */,
				2C75294D182095600058F930 /* UIProgressView+AFNetworking.m */,
				2C75294E182095600058F930 /* UIWebView+AFNetworking.h */,
				2C75294F182095600058F930 /* UIWebView+AFNetworking.m */,
			);
			path = "UIKit+AFNetworking";
			sourceTree = "<group>";
		};
/* End PBXGroup section */

/* Begin PBXNativeTarget section */
		2C7528DB182093AB0058F930 /* Surfboards */ = {
			isa = PBXNativeTarget;
			buildConfigurationList = 2C752908182093AB0058F930 /* Build configuration list for PBXNativeTarget "Surfboards" */;
			buildPhases = (
				2C7528D8182093AB0058F930 /* Sources */,
				2C7528D9182093AB0058F930 /* Frameworks */,
				2C7528DA182093AB0058F930 /* Resources */,
			);
			buildRules = (
			);
			dependencies = (
			);
			name = Surfboards;
			productName = Surfboards;
			productReference = 2C7528DC182093AB0058F930 /* Surfboards.app */;
			productType = "com.apple.product-type.application";
		};
		2C7528F6182093AB0058F930 /* SurfboardsTests */ = {
			isa = PBXNativeTarget;
			buildConfigurationList = 2C75290B182093AB0058F930 /* Build configuration list for PBXNativeTarget "SurfboardsTests" */;
			buildPhases = (
				2C7528F3182093AB0058F930 /* Sources */,
				2C7528F4182093AB0058F930 /* Frameworks */,
				2C7528F5182093AB0058F930 /* Resources */,
			);
			buildRules = (
			);
			dependencies = (
				2C7528FD182093AB0058F930 /* PBXTargetDependency */,
			);
			name = SurfboardsTests;
			productName = SurfboardsTests;
			productReference = 2C7528F7182093AB0058F930 /* SurfboardsTests.xctest */;
			productType = "com.apple.product-type.bundle.unit-test";
		};
/* End PBXNativeTarget section */

/* Begin PBXProject section */
		2C7528D4182093AB0058F930 /* Project object */ = {
			isa = PBXProject;
			attributes = {
				CLASSPREFIX = SB;
				LastUpgradeCheck = 0500;
				ORGANIZATIONNAME = canopy;
				TargetAttributes = {
					2C7528F6182093AB0058F930 = {
						TestTargetID = 2C7528DB182093AB0058F930;
					};
				};
			};
			buildConfigurationList = 2C7528D7182093AB0058F930 /* Build configuration list for PBXProject "Surfboards" */;
			compatibilityVersion = "Xcode 3.2";
			developmentRegion = English;
			hasScannedForEncodings = 0;
			knownRegions = (
				en,
			);
			mainGroup = 2C7528D3182093AB0058F930;
			productRefGroup = 2C7528DD182093AB0058F930 /* Products */;
			projectDirPath = "";
			projectRoot = "";
			targets = (
				2C7528DB182093AB0058F930 /* Surfboards */,
				2C7528F6182093AB0058F930 /* SurfboardsTests */,
			);
		};
/* End PBXProject section */

/* Begin PBXResourcesBuildPhase section */
		2C7528DA182093AB0058F930 /* Resources */ = {
			isa = PBXResourcesBuildPhase;
			buildActionMask = 2147483647;
			files = (
				2C7528EA182093AB0058F930 /* InfoPlist.strings in Resources */,
				2C7528F2182093AB0058F930 /* Images.xcassets in Resources */,
			);
			runOnlyForDeploymentPostprocessing = 0;
		};
		2C7528F5182093AB0058F930 /* Resources */ = {
			isa = PBXResourcesBuildPhase;
			buildActionMask = 2147483647;
			files = (
				2C752903182093AB0058F930 /* InfoPlist.strings in Resources */,
			);
			runOnlyForDeploymentPostprocessing = 0;
		};
/* End PBXResourcesBuildPhase section */

/* Begin PBXSourcesBuildPhase section */
		2C7528D8182093AB0058F930 /* Sources */ = {
			isa = PBXSourcesBuildPhase;
			buildActionMask = 2147483647;
			files = (
				2C752960182095600058F930 /* AFURLSessionManager.m in Sources */,
				2C75295A182095600058F930 /* AFURLConnectionOperation.m in Sources */,
				2C2A18A418248C4600B4C1D1 /* SBAddBoardViewController.m in Sources */,
				2C752968182095600058F930 /* UIButton+AFNetworking.m in Sources */,
				2C75296C182095600058F930 /* UIProgressView+AFNetworking.m in Sources */,
				2C752950182095600058F930 /* AFHTTPRequestOperation.m in Sources */,
				2C7528EC182093AB0058F930 /* main.m in Sources */,
				2C752966182095600058F930 /* UIAlertView+AFNetworking.m in Sources */,
				2C752972182095820058F930 /* SBNetworkingManager.m in Sources */,
				2C752952182095600058F930 /* AFHTTPRequestOperationManager.m in Sources */,
				2C752922182094C30058F930 /* KHBase.m in Sources */,
				2C75296A182095600058F930 /* UIImageView+AFNetworking.m in Sources */,
				2C752954182095600058F930 /* AFHTTPSessionManager.m in Sources */,
				2C752964182095600058F930 /* UIActivityIndicatorView+AFNetworking.m in Sources */,
				2C752962182095600058F930 /* AFNetworkActivityIndicatorManager.m in Sources */,
				2C7528F0182093AB0058F930 /* SBAppDelegate.m in Sources */,
				2C752928182094C30058F930 /* KHVIew.m in Sources */,
				2C752958182095600058F930 /* AFSecurityPolicy.m in Sources */,
				2C752913182093E40058F930 /* SBMainViewController.m in Sources */,
				2C75295C182095600058F930 /* AFURLRequestSerialization.m in Sources */,
				2C75296E182095600058F930 /* UIWebView+AFNetworking.m in Sources */,
				2C752956182095600058F930 /* AFNetworkReachabilityManager.m in Sources */,
				2C75295E182095600058F930 /* AFURLResponseSerialization.m in Sources */,
				2C75292A182094C30058F930 /* KHViewController.m in Sources */,
			);
			runOnlyForDeploymentPostprocessing = 0;
		};
		2C7528F3182093AB0058F930 /* Sources */ = {
			isa = PBXSourcesBuildPhase;
			buildActionMask = 2147483647;
			files = (
				2C75295B182095600058F930 /* AFURLConnectionOperation.m in Sources */,
				2C75296D182095600058F930 /* UIProgressView+AFNetworking.m in Sources */,
				2C752914182093E40058F930 /* SBMainViewController.m in Sources */,
				2C752967182095600058F930 /* UIAlertView+AFNetworking.m in Sources */,
				2C75295F182095600058F930 /* AFURLResponseSerialization.m in Sources */,
				2C752969182095600058F930 /* UIButton+AFNetworking.m in Sources */,
				2C752923182094C30058F930 /* KHBase.m in Sources */,
				2C752965182095600058F930 /* UIActivityIndicatorView+AFNetworking.m in Sources */,
				2C75295D182095600058F930 /* AFURLRequestSerialization.m in Sources */,
				2C752963182095600058F930 /* AFNetworkActivityIndicatorManager.m in Sources */,
				2C752959182095600058F930 /* AFSecurityPolicy.m in Sources */,
				2C752951182095600058F930 /* AFHTTPRequestOperation.m in Sources */,
				2C752961182095600058F930 /* AFURLSessionManager.m in Sources */,
				2C752905182093AB0058F930 /* SurfboardsTests.m in Sources */,
				2C752973182095820058F930 /* SBNetworkingManager.m in Sources */,
				2C75296F182095600058F930 /* UIWebView+AFNetworking.m in Sources */,
				2C752929182094C30058F930 /* KHVIew.m in Sources */,
				2C752955182095600058F930 /* AFHTTPSessionManager.m in Sources */,
				2C75292B182094C30058F930 /* KHViewController.m in Sources */,
				2C752957182095600058F930 /* AFNetworkReachabilityManager.m in Sources */,
				2C75296B182095600058F930 /* UIImageView+AFNetworking.m in Sources */,
				2C752953182095600058F930 /* AFHTTPRequestOperationManager.m in Sources */,
			);
			runOnlyForDeploymentPostprocessing = 0;
		};
/* End PBXSourcesBuildPhase section */

/* Begin PBXTargetDependency section */
		2C7528FD182093AB0058F930 /* PBXTargetDependency */ = {
			isa = PBXTargetDependency;
			target = 2C7528DB182093AB0058F930 /* Surfboards */;
			targetProxy = 2C7528FC182093AB0058F930 /* PBXContainerItemProxy */;
		};
/* End PBXTargetDependency section */

/* Begin PBXVariantGroup section */
		2C7528E8182093AB0058F930 /* InfoPlist.strings */ = {
			isa = PBXVariantGroup;
			children = (
				2C7528E9182093AB0058F930 /* en */,
			);
			name = InfoPlist.strings;
			sourceTree = "<group>";
		};
		2C752901182093AB0058F930 /* InfoPlist.strings */ = {
			isa = PBXVariantGroup;
			children = (
				2C752902182093AB0058F930 /* en */,
			);
			name = InfoPlist.strings;
			sourceTree = "<group>";
		};
/* End PBXVariantGroup section */

/* Begin XCBuildConfiguration section */
		2C752906182093AB0058F930 /* Debug */ = {
			isa = XCBuildConfiguration;
			buildSettings = {
				ALWAYS_SEARCH_USER_PATHS = NO;
				ARCHS = "$(ARCHS_STANDARD_INCLUDING_64_BIT)";
				CLANG_CXX_LANGUAGE_STANDARD = "gnu++0x";
				CLANG_CXX_LIBRARY = "libc++";
				CLANG_ENABLE_MODULES = YES;
				CLANG_ENABLE_OBJC_ARC = YES;
				CLANG_WARN_BOOL_CONVERSION = YES;
				CLANG_WARN_CONSTANT_CONVERSION = YES;
				CLANG_WARN_DIRECT_OBJC_ISA_USAGE = YES_ERROR;
				CLANG_WARN_EMPTY_BODY = YES;
				CLANG_WARN_ENUM_CONVERSION = YES;
				CLANG_WARN_INT_CONVERSION = YES;
				CLANG_WARN_OBJC_ROOT_CLASS = YES_ERROR;
				CLANG_WARN__DUPLICATE_METHOD_MATCH = YES;
				"CODE_SIGN_IDENTITY[sdk=iphoneos*]" = "iPhone Developer";
				COPY_PHASE_STRIP = NO;
				GCC_C_LANGUAGE_STANDARD = gnu99;
				GCC_DYNAMIC_NO_PIC = NO;
				GCC_OPTIMIZATION_LEVEL = 0;
				GCC_PREPROCESSOR_DEFINITIONS = (
					"DEBUG=1",
					"$(inherited)",
				);
				GCC_SYMBOLS_PRIVATE_EXTERN = NO;
				GCC_WARN_64_TO_32_BIT_CONVERSION = YES;
				GCC_WARN_ABOUT_RETURN_TYPE = YES_ERROR;
				GCC_WARN_UNDECLARED_SELECTOR = YES;
				GCC_WARN_UNINITIALIZED_AUTOS = YES;
				GCC_WARN_UNUSED_FUNCTION = YES;
				GCC_WARN_UNUSED_VARIABLE = YES;
				IPHONEOS_DEPLOYMENT_TARGET = 7.0;
				ONLY_ACTIVE_ARCH = YES;
				SDKROOT = iphoneos;
			};
			name = Debug;
		};
		2C752907182093AB0058F930 /* Release */ = {
			isa = XCBuildConfiguration;
			buildSettings = {
				ALWAYS_SEARCH_USER_PATHS = NO;
				ARCHS = "$(ARCHS_STANDARD_INCLUDING_64_BIT)";
				CLANG_CXX_LANGUAGE_STANDARD = "gnu++0x";
				CLANG_CXX_LIBRARY = "libc++";
				CLANG_ENABLE_MODULES = YES;
				CLANG_ENABLE_OBJC_ARC = YES;
				CLANG_WARN_BOOL_CONVERSION = YES;
				CLANG_WARN_CONSTANT_CONVERSION = YES;
				CLANG_WARN_DIRECT_OBJC_ISA_USAGE = YES_ERROR;
				CLANG_WARN_EMPTY_BODY = YES;
				CLANG_WARN_ENUM_CONVERSION = YES;
				CLANG_WARN_INT_CONVERSION = YES;
				CLANG_WARN_OBJC_ROOT_CLASS = YES_ERROR;
				CLANG_WARN__DUPLICATE_METHOD_MATCH = YES;
				"CODE_SIGN_IDENTITY[sdk=iphoneos*]" = "iPhone Developer";
				COPY_PHASE_STRIP = YES;
				ENABLE_NS_ASSERTIONS = NO;
				GCC_C_LANGUAGE_STANDARD = gnu99;
				GCC_WARN_64_TO_32_BIT_CONVERSION = YES;
				GCC_WARN_ABOUT_RETURN_TYPE = YES_ERROR;
				GCC_WARN_UNDECLARED_SELECTOR = YES;
				GCC_WARN_UNINITIALIZED_AUTOS = YES;
				GCC_WARN_UNUSED_FUNCTION = YES;
				GCC_WARN_UNUSED_VARIABLE = YES;
				IPHONEOS_DEPLOYMENT_TARGET = 7.0;
				SDKROOT = iphoneos;
				VALIDATE_PRODUCT = YES;
			};
			name = Release;
		};
		2C752909182093AB0058F930 /* Debug */ = {
			isa = XCBuildConfiguration;
			buildSettings = {
				ASSETCATALOG_COMPILER_APPICON_NAME = AppIcon;
				ASSETCATALOG_COMPILER_LAUNCHIMAGE_NAME = LaunchImage;
				GCC_PRECOMPILE_PREFIX_HEADER = YES;
				GCC_PREFIX_HEADER = "Surfboards/Surfboards-Prefix.pch";
				INFOPLIST_FILE = "Surfboards/Surfboards-Info.plist";
				IPHONEOS_DEPLOYMENT_TARGET = 6.1;
				PRODUCT_NAME = "$(TARGET_NAME)";
				WRAPPER_EXTENSION = app;
			};
			name = Debug;
		};
		2C75290A182093AB0058F930 /* Release */ = {
			isa = XCBuildConfiguration;
			buildSettings = {
				ASSETCATALOG_COMPILER_APPICON_NAME = AppIcon;
				ASSETCATALOG_COMPILER_LAUNCHIMAGE_NAME = LaunchImage;
				GCC_PRECOMPILE_PREFIX_HEADER = YES;
				GCC_PREFIX_HEADER = "Surfboards/Surfboards-Prefix.pch";
				INFOPLIST_FILE = "Surfboards/Surfboards-Info.plist";
				IPHONEOS_DEPLOYMENT_TARGET = 6.1;
				PRODUCT_NAME = "$(TARGET_NAME)";
				WRAPPER_EXTENSION = app;
			};
			name = Release;
		};
		2C75290C182093AB0058F930 /* Debug */ = {
			isa = XCBuildConfiguration;
			buildSettings = {
				ARCHS = "$(ARCHS_STANDARD_INCLUDING_64_BIT)";
				BUNDLE_LOADER = "$(BUILT_PRODUCTS_DIR)/Surfboards.app/Surfboards";
				FRAMEWORK_SEARCH_PATHS = (
					"$(SDKROOT)/Developer/Library/Frameworks",
					"$(inherited)",
					"$(DEVELOPER_FRAMEWORKS_DIR)",
				);
				GCC_PRECOMPILE_PREFIX_HEADER = YES;
				GCC_PREFIX_HEADER = "Surfboards/Surfboards-Prefix.pch";
				GCC_PREPROCESSOR_DEFINITIONS = (
					"DEBUG=1",
					"$(inherited)",
				);
				INFOPLIST_FILE = "SurfboardsTests/SurfboardsTests-Info.plist";
				PRODUCT_NAME = "$(TARGET_NAME)";
				TEST_HOST = "$(BUNDLE_LOADER)";
				WRAPPER_EXTENSION = xctest;
			};
			name = Debug;
		};
		2C75290D182093AB0058F930 /* Release */ = {
			isa = XCBuildConfiguration;
			buildSettings = {
				ARCHS = "$(ARCHS_STANDARD_INCLUDING_64_BIT)";
				BUNDLE_LOADER = "$(BUILT_PRODUCTS_DIR)/Surfboards.app/Surfboards";
				FRAMEWORK_SEARCH_PATHS = (
					"$(SDKROOT)/Developer/Library/Frameworks",
					"$(inherited)",
					"$(DEVELOPER_FRAMEWORKS_DIR)",
				);
				GCC_PRECOMPILE_PREFIX_HEADER = YES;
				GCC_PREFIX_HEADER = "Surfboards/Surfboards-Prefix.pch";
				INFOPLIST_FILE = "SurfboardsTests/SurfboardsTests-Info.plist";
				PRODUCT_NAME = "$(TARGET_NAME)";
				TEST_HOST = "$(BUNDLE_LOADER)";
				WRAPPER_EXTENSION = xctest;
			};
			name = Release;
		};
/* End XCBuildConfiguration section */

/* Begin XCConfigurationList section */
		2C7528D7182093AB0058F930 /* Build configuration list for PBXProject "Surfboards" */ = {
			isa = XCConfigurationList;
			buildConfigurations = (
				2C752906182093AB0058F930 /* Debug */,
				2C752907182093AB0058F930 /* Release */,
			);
			defaultConfigurationIsVisible = 0;
			defaultConfigurationName = Release;
		};
		2C752908182093AB0058F930 /* Build configuration list for PBXNativeTarget "Surfboards" */ = {
			isa = XCConfigurationList;
			buildConfigurations = (
				2C752909182093AB0058F930 /* Debug */,
				2C75290A182093AB0058F930 /* Release */,
			);
			defaultConfigurationIsVisible = 0;
			defaultConfigurationName = Release;
		};
		2C75290B182093AB0058F930 /* Build configuration list for PBXNativeTarget "SurfboardsTests" */ = {
			isa = XCConfigurationList;
			buildConfigurations = (
				2C75290C182093AB0058F930 /* Debug */,
				2C75290D182093AB0058F930 /* Release */,
			);
			defaultConfigurationIsVisible = 0;
			defaultConfigurationName = Release;
		};
/* End XCConfigurationList section */
	};
	rootObject = 2C7528D4182093AB0058F930 /* Project object */;
}
